
Microsoft Visual Studio Solution File, Format Version 12.00
# Visual Studio 15
VisualStudioVersion = 15.0.27130.2024
MinimumVisualStudioVersion = 10.0.40219.1
Project("{FAE04EC0-301F-11D3-BF4B-00C04F79EFBC}") = "Kuph", "Kuph\Kuph.csproj", "{DDAAB102-B455-4775-B32D-5A601D192E8C}"
EndProject
Global
	GlobalSection(SolutionConfigurationPlatforms) = preSolution
		Debug|Any CPU = Debug|Any CPU
		Release|Any CPU = Release|Any CPU
	EndGlobalSection
	GlobalSection(ProjectConfigurationPlatforms) = postSolution
		{DDAAB102-B455-4775-B32D-5A601D192E8C}.Debug|Any CPU.ActiveCfg = Debug|Any CPU
		{DDAAB102-B455-4775-B32D-5A601D192E8C}.Debug|Any CPU.Build.0 = Debug|Any CPU
		{DDAAB102-B455-4775-B32D-5A601D192E8C}.Debug|Any CPU.Deploy.0 = Debug|Any CPU
		{DDAAB102-B455-4775-B32D-5A601D192E8C}.Release|Any CPU.ActiveCfg = Release|Any CPU
		{DDAAB102-B455-4775-B32D-5A601D192E8C}.Release|Any CPU.Build.0 = Release|Any CPU
		{DDAAB102-B455-4775-B32D-5A601D192E8C}.Release|Any CPU.Deploy.0 = Release|Any CPU
	EndGlobalSection
	GlobalSection(SolutionProperties) = preSolution
		HideSolutionNode = FALSE
	EndGlobalSection
	GlobalSection(ExtensibilityGlobals) = postSolution
		SolutionGuid = {325D224A-C078-45F6-BF4A-7CD8854D3BAD}
	EndGlobalSection
EndGlobal
